
Microsoft Visual Studio Solution File, Format Version 10.00
# Visual Studio 2008
Project("{8BC9CEB8-8B4A-11D0-8D11-00A0C91BC942}") = "rtsp_server", "build\rtsp_server_vc90.vcproj", "{15A44FAF-31EA-40FF-86BE-DEB419B6F54A}"
EndProject
Global
	GlobalSection(SolutionConfigurationPlatforms) = preSolution
		Debug|Win32 = Debug|Win32
		Release|Win32 = Release|Win32
	EndGlobalSection
	GlobalSection(ProjectConfigurationPlatforms) = postSolution
		{15A44FAF-31EA-40FF-86BE-DEB419B6F54A}.Debug|Win32.ActiveCfg = Debug|Win32
		{15A44FAF-31EA-40FF-86BE-DEB419B6F54A}.Debug|Win32.Build.0 = Debug|Win32
		{15A44FAF-31EA-40FF-86BE-DEB419B6F54A}.Release|Win32.ActiveCfg = Release|Win32
		{15A44FAF-31EA-40FF-86BE-DEB419B6F54A}.Release|Win32.Build.0 = Release|Win32
	EndGlobalSection
	GlobalSection(SolutionProperties) = preSolution
		HideSolutionNode = FALSE
	EndGlobalSection
EndGlobal
